# THIS IS AN AUTOGENERATED FILE. DO NOT EDIT THIS FILE DIRECTLY.
# yarn lockfile v1


"@js-joda/core@3.2.0":
  version "3.2.0"
  resolved "https://registry.yarnpkg.com/@js-joda/core/-/core-3.2.0.tgz#3e61e21b7b2b8a6be746df1335cf91d70db2a273"
  integrity sha512-PMqgJ0sw5B7FKb2d5bWYIoxjri+QlW/Pys7+Rw82jSH0QN3rB05jZ/VrrsUdh1w4+i2kw9JOejXGq/KhDOX7Kg==

"@sqlite.org/sqlite-wasm@^3.53.0-build1":
  version "3.53.0-build1"
  resolved "https://registry.yarnpkg.com/@sqlite.org/sqlite-wasm/-/sqlite-wasm-3.53.0-build1.tgz#066cab9189973c39edbb7078c55bb4daa1cd2d30"
  integrity sha512-PfWPWN2n+/37doa8oh2/oUXk4OOsRYZsxc1W1sDXIGb/Pu5Yrb+f2eyYpgQMGITVX7HVgxhs9P18Rc6I97ym/g==

"sql-js-worker@file:../../core-base/database/sql-js-worker":
  version "0.0.1"
  dependencies:
    sql.js "1.14.0"

sql.js@1.14.0:
  version "1.14.0"
  resolved "https://registry.yarnpkg.com/sql.js/-/sql.js-1.14.0.tgz#49d4df3b6d311a0da28aab34120d7fe2dcc68f09"
  integrity sha512-NXYh+kFqLiYRCNAaHD0PcbjFgXyjuolEKLMk5vRt2DgPENtF1kkNzzMlg42dUk5wIsH8MhUzsRhaUxIisoSlZQ==

"sqlite-wasm-worker@file:../../core-base/database/sqlite-wasm-worker":
  version "0.0.1"
  dependencies:
    "@sqlite.org/sqlite-wasm" "^3.53.0-build1"

ws@8.20.1:
  version "8.20.1"
  resolved "https://registry.yarnpkg.com/ws/-/ws-8.20.1.tgz#91a9ae2b312ccf98e0a85ec499b48cef45ab0ddb"
  integrity sha512-It4dO0K5v//JtTXuPkfEOaI3uUN87iYPnqo/ZzqCoG3g8uhA66QUMs/SrM0YK7/NAu+r4LMh/9dq2A7k+rHs+w==
